
Microsoft Visual Studio Solution File, Format Version 12.00
# Visual Studio 14
VisualStudioVersion = 14.0.23107.0
MinimumVisualStudioVersion = 10.0.40219.1
Project("{FAE04EC0-301F-11D3-BF4B-00C04F79EFBC}") = "SweetAssBot", "SweetAssBot\SweetAssBot.csproj", "{783BA2B5-2E89-418C-9602-A931476E54AF}"
EndProject
Global
	GlobalSection(SolutionConfigurationPlatforms) = preSolution
		Debug|Any CPU = Debug|Any CPU
		Release|Any CPU = Release|Any CPU
	EndGlobalSection
	GlobalSection(ProjectConfigurationPlatforms) = postSolution
		{783BA2B5-2E89-418C-9602-A931476E54AF}.Debug|Any CPU.ActiveCfg = Debug|Any CPU
		{783BA2B5-2E89-418C-9602-A931476E54AF}.Debug|Any CPU.Build.0 = Debug|Any CPU
		{783BA2B5-2E89-418C-9602-A931476E54AF}.Release|Any CPU.ActiveCfg = Release|Any CPU
		{783BA2B5-2E89-418C-9602-A931476E54AF}.Release|Any CPU.Build.0 = Release|Any CPU
	EndGlobalSection
	GlobalSection(SolutionProperties) = preSolution
		HideSolutionNode = FALSE
	EndGlobalSection
EndGlobal
